
Microsoft Visual Studio Solution File, Format Version 12.00
# Visual Studio Version 17
VisualStudioVersion = 17.8.34322.80
MinimumVisualStudioVersion = 10.0.40219.1
Project("{9A19103F-16F7-4668-BE54-9A1E7A4F7556}") = "MyBlog.Web", "MyBlog.Web\MyBlog.Web.csproj", "{AA04C656-D38A-49DA-A9C8-023D2EC31B6F}"
EndProject
Project("{FAE04EC0-301F-11D3-BF4B-00C04F79EFBC}") = "FE.Helper", "FE.Helper\FE.Helper.csproj", "{FCDFD41A-F779-4F44-B809-CF377FAE63B9}"
EndProject
Global
	GlobalSection(SolutionConfigurationPlatforms) = preSolution
		Debug|Any CPU = Debug|Any CPU
		Release|Any CPU = Release|Any CPU
	EndGlobalSection
	GlobalSection(ProjectConfigurationPlatforms) = postSolution
		{AA04C656-D38A-49DA-A9C8-023D2EC31B6F}.Debug|Any CPU.ActiveCfg = Debug|Any CPU
		{AA04C656-D38A-49DA-A9C8-023D2EC31B6F}.Debug|Any CPU.Build.0 = Debug|Any CPU
		{AA04C656-D38A-49DA-A9C8-023D2EC31B6F}.Release|Any CPU.ActiveCfg = Release|Any CPU
		{AA04C656-D38A-49DA-A9C8-023D2EC31B6F}.Release|Any CPU.Build.0 = Release|Any CPU
		{FCDFD41A-F779-4F44-B809-CF377FAE63B9}.Debug|Any CPU.ActiveCfg = Debug|Any CPU
		{FCDFD41A-F779-4F44-B809-CF377FAE63B9}.Debug|Any CPU.Build.0 = Debug|Any CPU
		{FCDFD41A-F779-4F44-B809-CF377FAE63B9}.Release|Any CPU.ActiveCfg = Release|Any CPU
		{FCDFD41A-F779-4F44-B809-CF377FAE63B9}.Release|Any CPU.Build.0 = Release|Any CPU
	EndGlobalSection
	GlobalSection(SolutionProperties) = preSolution
		HideSolutionNode = FALSE
	EndGlobalSection
	GlobalSection(ExtensibilityGlobals) = postSolution
		SolutionGuid = {8438201F-ED85-4620-B6D0-692E125F89AC}
	EndGlobalSection
EndGlobal
